Microsoft Visual Studio Solution File, Format Version 11.00
# Visual Studio 2008

Project("{7CB063A4-1E2F-58B6-439D-233CDF3F550F}") = "MyMagicCube", "Assembly-CSharp-firstpass.csproj", "{FE293165-2389-BADF-C929-934157FF4B33}"
EndProject
Project("{7CB063A4-1E2F-58B6-439D-233CDF3F550F}") = "MyMagicCube", "Assembly-CSharp.csproj", "{74D4CE2D-0BE3-7D73-6691-92392DD840C5}"
EndProject
Global
	GlobalSection(SolutionConfigurationPlatforms) = preSolution
		Debug|Any CPU = Debug|Any CPU
		Release|Any CPU = Release|Any CPU
	EndGlobalSection
	GlobalSection(ProjectConfigurationPlatforms) = postSolution
		{FE293165-2389-BADF-C929-934157FF4B33}.Debug|Any CPU.ActiveCfg = Debug|Any CPU
		{FE293165-2389-BADF-C929-934157FF4B33}.Debug|Any CPU.Build.0 = Debug|Any CPU
		{FE293165-2389-BADF-C929-934157FF4B33}.Release|Any CPU.ActiveCfg = Release|Any CPU
		{FE293165-2389-BADF-C929-934157FF4B33}.Release|Any CPU.Build.0 = Release|Any CPU
		{74D4CE2D-0BE3-7D73-6691-92392DD840C5}.Debug|Any CPU.ActiveCfg = Debug|Any CPU
		{74D4CE2D-0BE3-7D73-6691-92392DD840C5}.Debug|Any CPU.Build.0 = Debug|Any CPU
		{74D4CE2D-0BE3-7D73-6691-92392DD840C5}.Release|Any CPU.ActiveCfg = Release|Any CPU
		{74D4CE2D-0BE3-7D73-6691-92392DD840C5}.Release|Any CPU.Build.0 = Release|Any CPU
	EndGlobalSection
	GlobalSection(SolutionProperties) = preSolution
		HideSolutionNode = FALSE
	EndGlobalSection
																													GlobalSection(MonoDevelopProperties) = preSolution
		StartupItem = Assembly-CSharp.csproj
		Policies = $0
		$0.TextStylePolicy = $1
		$1.inheritsSet = null
		$1.scope = text/x-csharp
		$0.CSharpFormattingPolicy = $2
		$2.inheritsSet = Mono
		$2.inheritsScope = text/x-csharp
		$2.scope = text/x-csharp
		$0.TextStylePolicy = $3
		$3.FileWidth = 120
		$3.TabWidth = 4
		$3.IndentWidth = 4
		$3.EolMarker = Unix
		$3.inheritsSet = Mono
		$3.inheritsScope = text/plain
		$3.scope = text/plain
	EndGlobalSection

EndGlobal
